{
    "_meta": {
        "hash": {
            "sha256": "ec5bb46a7b0d423a1a8c345ff31f9c3e991ba6ff4bda0568b14a6ee338e3ee98"
        },
        "pipfile-spec": 6,
        "requires": {
            "python_version": "3.9"
        },
        "sources": [
            {
                "name": "pypi",
                "url": "https://pypi.org/simple",
                "verify_ssl": true
            }
        ]
    },
    "default": {
        "et-xmlfile": {
            "hashes": [
                "sha256:8eb9e2bc2f8c97e37a2dc85a09ecdcdec9d8a396530a6d5a33b30b9a92da0c5c",
                "sha256:a2ba85d1d6a74ef63837eed693bcb89c3f752169b0e3e7ae5b16ca5e1b3deada"
            ],
            "markers": "python_version >= '3.6'",
            "version": "==1.1.0"
        },
        "openpyxl": {
            "hashes": [
                "sha256:a0266e033e65f33ee697254b66116a5793c15fc92daf64711080000df4cfe0a8",
                "sha256:f06d44e2c973781068bce5ecf860a09bcdb1c7f5ce1facd5e9aa82c92c93ae72"
            ],
            "index": "pypi",
            "version": "==3.1.1"
        }
    },
    "develop": {}
}
