
Microsoft Visual Studio Solution File, Format Version 11.00
# Visual Studio 2010
# SharpDevelop 4.4
Project("{FAE04EC0-301F-11D3-BF4B-00C04F79EFBC}") = "OOP Preparation", "OOP Preparation\OOP Preparation.csproj", "{D76050C5-575D-405E-9F7C-ACE5C4D83BBE}"
EndProject
Global
	GlobalSection(SolutionConfigurationPlatforms) = preSolution
		Debug|Any CPU = Debug|Any CPU
		Release|Any CPU = Release|Any CPU
	EndGlobalSection
	GlobalSection(ProjectConfigurationPlatforms) = postSolution
		{D76050C5-575D-405E-9F7C-ACE5C4D83BBE}.Debug|Any CPU.Build.0 = Debug|Any CPU
		{D76050C5-575D-405E-9F7C-ACE5C4D83BBE}.Debug|Any CPU.ActiveCfg = Debug|Any CPU
		{D76050C5-575D-405E-9F7C-ACE5C4D83BBE}.Release|Any CPU.Build.0 = Release|Any CPU
		{D76050C5-575D-405E-9F7C-ACE5C4D83BBE}.Release|Any CPU.ActiveCfg = Release|Any CPU
	EndGlobalSection
EndGlobal
